
Microsoft Visual Studio Solution File, Format Version 12.00
# Visual Studio Version 16
VisualStudioVersion = 16.0.31515.178
MinimumVisualStudioVersion = 10.0.40219.1
Project("{FAE04EC0-301F-11D3-BF4B-00C04F79EFBC}") = "AsalSayıHesaplayıcı", "AsalSayıHesaplayıcı\AsalSayıHesaplayıcı.csproj", "{5FFE58EA-B70F-4148-9A01-A28940658128}"
EndProject
Global
	GlobalSection(SolutionConfigurationPlatforms) = preSolution
		Debug|Any CPU = Debug|Any CPU
		Release|Any CPU = Release|Any CPU
	EndGlobalSection
	GlobalSection(ProjectConfigurationPlatforms) = postSolution
		{5FFE58EA-B70F-4148-9A01-A28940658128}.Debug|Any CPU.ActiveCfg = Debug|Any CPU
		{5FFE58EA-B70F-4148-9A01-A28940658128}.Debug|Any CPU.Build.0 = Debug|Any CPU
		{5FFE58EA-B70F-4148-9A01-A28940658128}.Release|Any CPU.ActiveCfg = Release|Any CPU
		{5FFE58EA-B70F-4148-9A01-A28940658128}.Release|Any CPU.Build.0 = Release|Any CPU
	EndGlobalSection
	GlobalSection(SolutionProperties) = preSolution
		HideSolutionNode = FALSE
	EndGlobalSection
	GlobalSection(ExtensibilityGlobals) = postSolution
		SolutionGuid = {23E540D7-049F-4475-AB9A-79AAD414B992}
	EndGlobalSection
EndGlobal
